// !$*UTF8*$!
{
	archiveVersion = 1;
	classes = {
	};
	objectVersion = 48;
	objects = {

/* Begin PBXBuildFile section */
		799EA8E21FC633C2006AEB69 /* AppDelegate.swift in Sources */ = {isa = PBXBuildFile; fileRef = 799EA8E11FC633C2006AEB69 /* AppDelegate.swift */; };
		799EA8E41FC633C2006AEB69 /* ViewController.swift in Sources */ = {isa = PBXBuildFile; fileRef = 799EA8E31FC633C2006AEB69 /* ViewController.swift */; };
		799EA8E71FC633C2006AEB69 /* Main.storyboard in Resources */ = {isa = PBXBuildFile; fileRef = 799EA8E51FC633C2006AEB69 /* Main.storyboard */; };
		799EA8E91FC633C2006AEB69 /* Assets.xcassets in Resources */ = {isa = PBXBuildFile; fileRef = 799EA8E81FC633C2006AEB69 /* Assets.xcassets */; };
		799EA8EC1FC633C2006AEB69 /* LaunchScreen.storyboard in Resources */ = {isa = PBXBuildFile; fileRef = 799EA8EA1FC633C2006AEB69 /* LaunchScreen.storyboard */; };
		799EA8F71FC633C3006AEB69 /* Aula01Tests.swift in Sources */ = {isa = PBXBuildFile; fileRef = 799EA8F61FC633C3006AEB69 /* Aula01Tests.swift */; };
		799EA9021FC633C3006AEB69 /* Aula01UITests.swift in Sources */ = {isa = PBXBuildFile; fileRef = 799EA9011FC633C3006AEB69 /* Aula01UITests.swift */; };
/* End PBXBuildFile section */

/* Begin PBXContainerItemProxy section */
		799EA8F31FC633C3006AEB69 /* PBXContainerItemProxy */ = {
			isa = PBXContainerItemProxy;
			containerPortal = 799EA8D61FC633C2006AEB69 /* Project object */;
			proxyType = 1;
			remoteGlobalIDString = 799EA8DD1FC633C2006AEB69;
			remoteInfo = Aula01;
		};
		799EA8FE1FC633C3006AEB69 /* PBXContainerItemProxy */ = {
			isa = PBXContainerItemProxy;
			containerPortal = 799EA8D61FC633C2006AEB69 /* Project object */;
			proxyType = 1;
			remoteGlobalIDString = 799EA8DD1FC633C2006AEB69;
			remoteInfo = Aula01;
		};
/* End PBXContainerItemProxy section */

/* Begin PBXFileReference section */
		799EA8DE1FC633C2006AEB69 /* Aula01.app */ = {isa = PBXFileReference; explicitFileType = wrapper.application; includeInIndex = 0; path = Aula01.app; sourceTree = BUILT_PRODUCTS_DIR; };
		799EA8E11FC633C2006AEB69 /* AppDelegate.swift */ = {isa = PBXFileReference; lastKnownFileType = sourcecode.swift; path = AppDelegate.swift; sourceTree = "<group>"; };
		799EA8E31FC633C2006AEB69 /* ViewController.swift */ = {isa = PBXFileReference; lastKnownFileType = sourcecode.swift; path = ViewController.swift; sourceTree = "<group>"; };
		799EA8E61FC633C2006AEB69 /* Base */ = {isa = PBXFileReference; lastKnownFileType = file.storyboard; name = Base; path = Base.lproj/Main.storyboard; sourceTree = "<group>"; };
		799EA8E81FC633C2006AEB69 /* Assets.xcassets */ = {isa = PBXFileReference; lastKnownFileType = folder.assetcatalog; path = Assets.xcassets; sourceTree = "<group>"; };
		799EA8EB1FC633C2006AEB69 /* Base */ = {isa = PBXFileReference; lastKnownFileType = file.storyboard; name = Base; path = Base.lproj/LaunchScreen.storyboard; sourceTree = "<group>"; };
		799EA8ED1FC633C2006AEB69 /* Info.plist */ = {isa = PBXFileReference; lastKnownFileType = text.plist.xml; path = Info.plist; sourceTree = "<group>"; };
		799EA8F21FC633C3006AEB69 /* Aula01Tests.xctest */ = {isa = PBXFileReference; explicitFileType = wrapper.cfbundle; includeInIndex = 0; path = Aula01Tests.xctest; sourceTree = BUILT_PRODUCTS_DIR; };
		799EA8F61FC633C3006AEB69 /* Aula01Tests.swift */ = {isa = PBXFileReference; lastKnownFileType = sourcecode.swift; path = Aula01Tests.swift; sourceTree = "<group>"; };
		799EA8F81FC633C3006AEB69 /* Info.plist */ = {isa = PBXFileReference; lastKnownFileType = text.plist.xml; path = Info.plist; sourceTree = "<group>"; };
		799EA8FD1FC633C3006AEB69 /* Aula01UITests.xctest */ = {isa = PBXFileReference; explicitFileType = wrapper.cfbundle; includeInIndex = 0; path = Aula01UITests.xctest; sourceTree = BUILT_PRODUCTS_DIR; };
		799EA9011FC633C3006AEB69 /* Aula01UITests.swift */ = {isa = PBXFileReference; lastKnownFileType = sourcecode.swift; path = Aula01UITests.swift; sourceTree = "<group>"; };
		799EA9031FC633C3006AEB69 /* Info.plist */ = {isa = PBXFileReference; lastKnownFileType = text.plist.xml; path = Info.plist; sourceTree = "<group>"; };
/* End PBXFileReference section */

/* Begin PBXFrameworksBuildPhase section */
		799EA8DB1FC633C2006AEB69 /* Frameworks */ = {
			isa = PBXFrameworksBuildPhase;
			buildActionMask = 2147483647;
			files = (
			);
			runOnlyForDeploymentPostprocessing = 0;
		};
		799EA8EF1FC633C3006AEB69 /* Frameworks */ = {
			isa = PBXFrameworksBuildPhase;
			buildActionMask = 2147483647;
			files = (
			);
			runOnlyForDeploymentPostprocessing = 0;
		};
		799EA8FA1FC633C3006AEB69 /* Frameworks */ = {
			isa = PBXFrameworksBuildPhase;
			buildActionMask = 2147483647;
			files = (
			);
			runOnlyForDeploymentPostprocessing = 0;
		};
/* End PBXFrameworksBuildPhase section */

/* Begin PBXGroup section */
		799EA8D51FC633C2006AEB69 = {
			isa = PBXGroup;
			children = (
				799EA8E01FC633C2006AEB69 /* Aula01 */,
				799EA8F51FC633C3006AEB69 /* Aula01Tests */,
				799EA9001FC633C3006AEB69 /* Aula01UITests */,
				799EA8DF1FC633C2006AEB69 /* Products */,
			);
			sourceTree = "<group>";
		};
		799EA8DF1FC633C2006AEB69 /* Products */ = {
			isa = PBXGroup;
			children = (
				799EA8DE1FC633C2006AEB69 /* Aula01.app */,
				799EA8F21FC633C3006AEB69 /* Aula01Tests.xctest */,
				799EA8FD1FC633C3006AEB69 /* Aula01UITests.xctest */,
			);
			name = Products;
			sourceTree = "<group>";
		};
		799EA8E01FC633C2006AEB69 /* Aula01 */ = {
			isa = PBXGroup;
			children = (
				799EA8E11FC633C2006AEB69 /* AppDelegate.swift */,
				799EA8E31FC633C2006AEB69 /* ViewController.swift */,
				799EA8E51FC633C2006AEB69 /* Main.storyboard */,
				799EA8E81FC633C2006AEB69 /* Assets.xcassets */,
				799EA8EA1FC633C2006AEB69 /* LaunchScreen.storyboard */,
				799EA8ED1FC633C2006AEB69 /* Info.plist */,
			);
			path = Aula01;
			sourceTree = "<group>";
		};
		799EA8F51FC633C3006AEB69 /* Aula01Tests */ = {
			isa = PBXGroup;
			children = (
				799EA8F61FC633C3006AEB69 /* Aula01Tests.swift */,
				799EA8F81FC633C3006AEB69 /* Info.plist */,
			);
			path = Aula01Tests;
			sourceTree = "<group>";
		};
		799EA9001FC633C3006AEB69 /* Aula01UITests */ = {
			isa = PBXGroup;
			children = (
				799EA9011FC633C3006AEB69 /* Aula01UITests.swift */,
				799EA9031FC633C3006AEB69 /* Info.plist */,
			);
			path = Aula01UITests;
			sourceTree = "<group>";
		};
/* End PBXGroup section */

/* Begin PBXNativeTarget section */
		799EA8DD1FC633C2006AEB69 /* Aula01 */ = {
			isa = PBXNativeTarget;
			buildConfigurationList = 799EA9061FC633C3006AEB69 /* Build configuration list for PBXNativeTarget "Aula01" */;
			buildPhases = (
				799EA8DA1FC633C2006AEB69 /* Sources */,
				799EA8DB1FC633C2006AEB69 /* Frameworks */,
				799EA8DC1FC633C2006AEB69 /* Resources */,
			);
			buildRules = (
			);
			dependencies = (
			);
			name = Aula01;
			productName = Aula01;
			productReference = 799EA8DE1FC633C2006AEB69 /* Aula01.app */;
			productType = "com.apple.product-type.application";
		};
		799EA8F11FC633C3006AEB69 /* Aula01Tests */ = {
			isa = PBXNativeTarget;
			buildConfigurationList = 799EA9091FC633C3006AEB69 /* Build configuration list for PBXNativeTarget "Aula01Tests" */;
			buildPhases = (
				799EA8EE1FC633C3006AEB69 /* Sources */,
				799EA8EF1FC633C3006AEB69 /* Frameworks */,
				799EA8F01FC633C3006AEB69 /* Resources */,
			);
			buildRules = (
			);
			dependencies = (
				799EA8F41FC633C3006AEB69 /* PBXTargetDependency */,
			);
			name = Aula01Tests;
			productName = Aula01Tests;
			productReference = 799EA8F21FC633C3006AEB69 /* Aula01Tests.xctest */;
			productType = "com.apple.product-type.bundle.unit-test";
		};
		799EA8FC1FC633C3006AEB69 /* Aula01UITests */ = {
			isa = PBXNativeTarget;
			buildConfigurationList = 799EA90C1FC633C3006AEB69 /* Build configuration list for PBXNativeTarget "Aula01UITests" */;
			buildPhases = (
				799EA8F91FC633C3006AEB69 /* Sources */,
				799EA8FA1FC633C3006AEB69 /* Frameworks */,
				799EA8FB1FC633C3006AEB69 /* Resources */,
			);
			buildRules = (
			);
			dependencies = (
				799EA8FF1FC633C3006AEB69 /* PBXTargetDependency */,
			);
			name = Aula01UITests;
			productName = Aula01UITests;
			productReference = 799EA8FD1FC633C3006AEB69 /* Aula01UITests.xctest */;
			productType = "com.apple.product-type.bundle.ui-testing";
		};
/* End PBXNativeTarget section */

/* Begin PBXProject section */
		799EA8D61FC633C2006AEB69 /* Project object */ = {
			isa = PBXProject;
			attributes = {
				LastSwiftUpdateCheck = 0910;
				LastUpgradeCheck = 0910;
				ORGANIZATIONNAME = JLJ;
				TargetAttributes = {
					799EA8DD1FC633C2006AEB69 = {
						CreatedOnToolsVersion = 9.1;
						ProvisioningStyle = Automatic;
					};
					799EA8F11FC633C3006AEB69 = {
						CreatedOnToolsVersion = 9.1;
						ProvisioningStyle = Automatic;
						TestTargetID = 799EA8DD1FC633C2006AEB69;
					};
					799EA8FC1FC633C3006AEB69 = {
						CreatedOnToolsVersion = 9.1;
						ProvisioningStyle = Automatic;
						TestTargetID = 799EA8DD1FC633C2006AEB69;
					};
				};
			};
			buildConfigurationList = 799EA8D91FC633C2006AEB69 /* Build configuration list for PBXProject "Aula01" */;
			compatibilityVersion = "Xcode 8.0";
			developmentRegion = en;
			hasScannedForEncodings = 0;
			knownRegions = (
				en,
				Base,
			);
			mainGroup = 799EA8D51FC633C2006AEB69;
			productRefGroup = 799EA8DF1FC633C2006AEB69 /* Products */;
			projectDirPath = "";
			projectRoot = "";
			targets = (
				799EA8DD1FC633C2006AEB69 /* Aula01 */,
				799EA8F11FC633C3006AEB69 /* Aula01Tests */,
				799EA8FC1FC633C3006AEB69 /* Aula01UITests */,
			);
		};
/* End PBXProject section */

/* Begin PBXResourcesBuildPhase section */
		799EA8DC1FC633C2006AEB69 /* Resources */ = {
			isa = PBXResourcesBuildPhase;
			buildActionMask = 2147483647;
			files = (
				799EA8EC1FC633C2006AEB69 /* LaunchScreen.storyboard in Resources */,
				799EA8E91FC633C2006AEB69 /* Assets.xcassets in Resources */,
				799EA8E71FC633C2006AEB69 /* Main.storyboard in Resources */,
			);
			runOnlyForDeploymentPostprocessing = 0;
		};
		799EA8F01FC633C3006AEB69 /* Resources */ = {
			isa = PBXResourcesBuildPhase;
			buildActionMask = 2147483647;
			files = (
			);
			runOnlyForDeploymentPostprocessing = 0;
		};
		799EA8FB1FC633C3006AEB69 /* Resources */ = {
			isa = PBXResourcesBuildPhase;
			buildActionMask = 2147483647;
			files = (
			);
			runOnlyForDeploymentPostprocessing = 0;
		};
/* End PBXResourcesBuildPhase section */

/* Begin PBXSourcesBuildPhase section */
		799EA8DA1FC633C2006AEB69 /* Sources */ = {
			isa = PBXSourcesBuildPhase;
			buildActionMask = 2147483647;
			files = (
				799EA8E41FC633C2006AEB69 /* ViewController.swift in Sources */,
				799EA8E21FC633C2006AEB69 /* AppDelegate.swift in Sources */,
			);
			runOnlyForDeploymentPostprocessing = 0;
		};
		799EA8EE1FC633C3006AEB69 /* Sources */ = {
			isa = PBXSourcesBuildPhase;
			buildActionMask = 2147483647;
			files = (
				799EA8F71FC633C3006AEB69 /* Aula01Tests.swift in Sources */,
			);
			runOnlyForDeploymentPostprocessing = 0;
		};
		799EA8F91FC633C3006AEB69 /* Sources */ = {
			isa = PBXSourcesBuildPhase;
			buildActionMask = 2147483647;
			files = (
				799EA9021FC633C3006AEB69 /* Aula01UITests.swift in Sources */,
			);
			runOnlyForDeploymentPostprocessing = 0;
		};
/* End PBXSourcesBuildPhase section */

/* Begin PBXTargetDependency section */
		799EA8F41FC633C3006AEB69 /* PBXTargetDependency */ = {
			isa = PBXTargetDependency;
			target = 799EA8DD1FC633C2006AEB69 /* Aula01 */;
			targetProxy = 799EA8F31FC633C3006AEB69 /* PBXContainerItemProxy */;
		};
		799EA8FF1FC633C3006AEB69 /* PBXTargetDependency */ = {
			isa = PBXTargetDependency;
			target = 799EA8DD1FC633C2006AEB69 /* Aula01 */;
			targetProxy = 799EA8FE1FC633C3006AEB69 /* PBXContainerItemProxy */;
		};
/* End PBXTargetDependency section */

/* Begin PBXVariantGroup section */
		799EA8E51FC633C2006AEB69 /* Main.storyboard */ = {
			isa = PBXVariantGroup;
			children = (
				799EA8E61FC633C2006AEB69 /* Base */,
			);
			name = Main.storyboard;
			sourceTree = "<group>";
		};
		799EA8EA1FC633C2006AEB69 /* LaunchScreen.storyboard */ = {
			isa = PBXVariantGroup;
			children = (
				799EA8EB1FC633C2006AEB69 /* Base */,
			);
			name = LaunchScreen.storyboard;
			sourceTree = "<group>";
		};
/* End PBXVariantGroup section */

/* Begin XCBuildConfiguration section */
		799EA9041FC633C3006AEB69 /* Debug */ = {
			isa = XCBuildConfiguration;
			buildSettings = {
				ALWAYS_SEARCH_USER_PATHS = NO;
				CLANG_ANALYZER_NONNULL = YES;
				CLANG_ANALYZER_NUMBER_OBJECT_CONVERSION = YES_AGGRESSIVE;
				CLANG_CXX_LANGUAGE_STANDARD = "gnu++14";
				CLANG_CXX_LIBRARY = "libc++";
				CLANG_ENABLE_MODULES = YES;
				CLANG_ENABLE_OBJC_ARC = YES;
				CLANG_WARN_BLOCK_CAPTURE_AUTORELEASING = YES;
				CLANG_WARN_BOOL_CONVERSION = YES;
				CLANG_WARN_COMMA = YES;
				CLANG_WARN_CONSTANT_CONVERSION = YES;
				CLANG_WARN_DIRECT_OBJC_ISA_USAGE = YES_ERROR;
				CLANG_WARN_DOCUMENTATION_COMMENTS = YES;
				CLANG_WARN_EMPTY_BODY = YES;
				CLANG_WARN_ENUM_CONVERSION = YES;
				CLANG_WARN_INFINITE_RECURSION = YES;
				CLANG_WARN_INT_CONVERSION = YES;
				CLANG_WARN_NON_LITERAL_NULL_CONVERSION = YES;
				CLANG_WARN_OBJC_LITERAL_CONVERSION = YES;
				CLANG_WARN_OBJC_ROOT_CLASS = YES_ERROR;
				CLANG_WARN_RANGE_LOOP_ANALYSIS = YES;
				CLANG_WARN_STRICT_PROTOTYPES = YES;
				CLANG_WARN_SUSPICIOUS_MOVE = YES;
				CLANG_WARN_UNGUARDED_AVAILABILITY = YES_AGGRESSIVE;
				CLANG_WARN_UNREACHABLE_CODE = YES;
				CLANG_WARN__DUPLICATE_METHOD_MATCH = YES;
				CODE_SIGN_IDENTITY = "iPhone Developer";
				COPY_PHASE_STRIP = NO;
				DEBUG_INFORMATION_FORMAT = dwarf;
				ENABLE_STRICT_OBJC_MSGSEND = YES;
				ENABLE_TESTABILITY = YES;
				GCC_C_LANGUAGE_STANDARD = gnu11;
				GCC_DYNAMIC_NO_PIC = NO;
				GCC_NO_COMMON_BLOCKS = YES;
				GCC_OPTIMIZATION_LEVEL = 0;
				GCC_PREPROCESSOR_DEFINITIONS = (
					"DEBUG=1",
					"$(inherited)",
				);
				GCC_WARN_64_TO_32_BIT_CONVERSION = YES;
				GCC_WARN_ABOUT_RETURN_TYPE = YES_ERROR;
				GCC_WARN_UNDECLARED_SELECTOR = YES;
				GCC_WARN_UNINITIALIZED_AUTOS = YES_AGGRESSIVE;
				GCC_WARN_UNUSED_FUNCTION = YES;
				GCC_WARN_UNUSED_VARIABLE = YES;
				IPHONEOS_DEPLOYMENT_TARGET = 11.1;
				MTL_ENABLE_DEBUG_INFO = YES;
				ONLY_ACTIVE_ARCH = YES;
				SDKROOT = iphoneos;
				SWIFT_ACTIVE_COMPILATION_CONDITIONS = DEBUG;
				SWIFT_OPTIMIZATION_LEVEL = "-Onone";
			};
			name = Debug;
		};
		799EA9051FC633C3006AEB69 /* Release */ = {
			isa = XCBuildConfiguration;
			buildSettings = {
				ALWAYS_SEARCH_USER_PATHS = NO;
				CLANG_ANALYZER_NONNULL = YES;
				CLANG_ANALYZER_NUMBER_OBJECT_CONVERSION = YES_AGGRESSIVE;
				CLANG_CXX_LANGUAGE_STANDARD = "gnu++14";
				CLANG_CXX_LIBRARY = "libc++";
				CLANG_ENABLE_MODULES = YES;
				CLANG_ENABLE_OBJC_ARC = YES;
				CLANG_WARN_BLOCK_CAPTURE_AUTORELEASING = YES;
				CLANG_WARN_BOOL_CONVERSION = YES;
				CLANG_WARN_COMMA = YES;
				CLANG_WARN_CONSTANT_CONVERSION = YES;
				CLANG_WARN_DIRECT_OBJC_ISA_USAGE = YES_ERROR;
				CLANG_WARN_DOCUMENTATION_COMMENTS = YES;
				CLANG_WARN_EMPTY_BODY = YES;
				CLANG_WARN_ENUM_CONVERSION = YES;
				CLANG_WARN_INFINITE_RECURSION = YES;
				CLANG_WARN_INT_CONVERSION = YES;
				CLANG_WARN_NON_LITERAL_NULL_CONVERSION = YES;
				CLANG_WARN_OBJC_LITERAL_CONVERSION = YES;
				CLANG_WARN_OBJC_ROOT_CLASS = YES_ERROR;
				CLANG_WARN_RANGE_LOOP_ANALYSIS = YES;
				CLANG_WARN_STRICT_PROTOTYPES = YES;
				CLANG_WARN_SUSPICIOUS_MOVE = YES;
				CLANG_WARN_UNGUARDED_AVAILABILITY = YES_AGGRESSIVE;
				CLANG_WARN_UNREACHABLE_CODE = YES;
				CLANG_WARN__DUPLICATE_METHOD_MATCH = YES;
				CODE_SIGN_IDENTITY = "iPhone Developer";
				COPY_PHASE_STRIP = NO;
				DEBUG_INFORMATION_FORMAT = "dwarf-with-dsym";
				ENABLE_NS_ASSERTIONS = NO;
				ENABLE_STRICT_OBJC_MSGSEND = YES;
				GCC_C_LANGUAGE_STANDARD = gnu11;
				GCC_NO_COMMON_BLOCKS = YES;
				GCC_WARN_64_TO_32_BIT_CONVERSION = YES;
				GCC_WARN_ABOUT_RETURN_TYPE = YES_ERROR;
				GCC_WARN_UNDECLARED_SELECTOR = YES;
				GCC_WARN_UNINITIALIZED_AUTOS = YES_AGGRESSIVE;
				GCC_WARN_UNUSED_FUNCTION = YES;
				GCC_WARN_UNUSED_VARIABLE = YES;
				IPHONEOS_DEPLOYMENT_TARGET = 11.1;
				MTL_ENABLE_DEBUG_INFO = NO;
				SDKROOT = iphoneos;
				SWIFT_OPTIMIZATION_LEVEL = "-Owholemodule";
				VALIDATE_PRODUCT = YES;
			};
			name = Release;
		};
		799EA9071FC633C3006AEB69 /* Debug */ = {
			isa = XCBuildConfiguration;
			buildSettings = {
				ASSETCATALOG_COMPILER_APPICON_NAME = AppIcon;
				CODE_SIGN_STYLE = Automatic;
				INFOPLIST_FILE = Aula01/Info.plist;
				LD_RUNPATH_SEARCH_PATHS = "$(inherited) @executable_path/Frameworks";
				PRODUCT_BUNDLE_IDENTIFIER = br.com.junior.iesb.Aula01;
				PRODUCT_NAME = "$(TARGET_NAME)";
				SWIFT_VERSION = 4.0;
				TARGETED_DEVICE_FAMILY = "1,2";
			};
			name = Debug;
		};
		799EA9081FC633C3006AEB69 /* Release */ = {
			isa = XCBuildConfiguration;
			buildSettings = {
				ASSETCATALOG_COMPILER_APPICON_NAME = AppIcon;
				CODE_SIGN_STYLE = Automatic;
				INFOPLIST_FILE = Aula01/Info.plist;
				LD_RUNPATH_SEARCH_PATHS = "$(inherited) @executable_path/Frameworks";
				PRODUCT_BUNDLE_IDENTIFIER = br.com.junior.iesb.Aula01;
				PRODUCT_NAME = "$(TARGET_NAME)";
				SWIFT_VERSION = 4.0;
				TARGETED_DEVICE_FAMILY = "1,2";
			};
			name = Release;
		};
		799EA90A1FC633C3006AEB69 /* Debug */ = {
			isa = XCBuildConfiguration;
			buildSettings = {
				ALWAYS_EMBED_SWIFT_STANDARD_LIBRARIES = YES;
				BUNDLE_LOADER = "$(TEST_HOST)";
				CODE_SIGN_STYLE = Automatic;
				INFOPLIST_FILE = Aula01Tests/Info.plist;
				LD_RUNPATH_SEARCH_PATHS = "$(inherited) @executable_path/Frameworks @loader_path/Frameworks";
				PRODUCT_BUNDLE_IDENTIFIER = br.com.junior.iesb.Aula01Tests;
				PRODUCT_NAME = "$(TARGET_NAME)";
				SWIFT_VERSION = 4.0;
				TARGETED_DEVICE_FAMILY = "1,2";
				TEST_HOST = "$(BUILT_PRODUCTS_DIR)/Aula01.app/Aula01";
			};
			name = Debug;
		};
		799EA90B1FC633C3006AEB69 /* Release */ = {
			isa = XCBuildConfiguration;
			buildSettings = {
				ALWAYS_EMBED_SWIFT_STANDARD_LIBRARIES = YES;
				BUNDLE_LOADER = "$(TEST_HOST)";
				CODE_SIGN_STYLE = Automatic;
				INFOPLIST_FILE = Aula01Tests/Info.plist;
				LD_RUNPATH_SEARCH_PATHS = "$(inherited) @executable_path/Frameworks @loader_path/Frameworks";
				PRODUCT_BUNDLE_IDENTIFIER = br.com.junior.iesb.Aula01Tests;
				PRODUCT_NAME = "$(TARGET_NAME)";
				SWIFT_VERSION = 4.0;
				TARGETED_DEVICE_FAMILY = "1,2";
				TEST_HOST = "$(BUILT_PRODUCTS_DIR)/Aula01.app/Aula01";
			};
			name = Release;
		};
		799EA90D1FC633C3006AEB69 /* Debug */ = {
			isa = XCBuildConfiguration;
			buildSettings = {
				ALWAYS_EMBED_SWIFT_STANDARD_LIBRARIES = YES;
				CODE_SIGN_STYLE = Automatic;
				INFOPLIST_FILE = Aula01UITests/Info.plist;
				LD_RUNPATH_SEARCH_PATHS = "$(inherited) @executable_path/Frameworks @loader_path/Frameworks";
				PRODUCT_BUNDLE_IDENTIFIER = br.com.junior.iesb.Aula01UITests;
				PRODUCT_NAME = "$(TARGET_NAME)";
				SWIFT_VERSION = 4.0;
				TARGETED_DEVICE_FAMILY = "1,2";
				TEST_TARGET_NAME = Aula01;
			};
			name = Debug;
		};
		799EA90E1FC633C3006AEB69 /* Release */ = {
			isa = XCBuildConfiguration;
			buildSettings = {
				ALWAYS_EMBED_SWIFT_STANDARD_LIBRARIES = YES;
				CODE_SIGN_STYLE = Automatic;
				INFOPLIST_FILE = Aula01UITests/Info.plist;
				LD_RUNPATH_SEARCH_PATHS = "$(inherited) @executable_path/Frameworks @loader_path/Frameworks";
				PRODUCT_BUNDLE_IDENTIFIER = br.com.junior.iesb.Aula01UITests;
				PRODUCT_NAME = "$(TARGET_NAME)";
				SWIFT_VERSION = 4.0;
				TARGETED_DEVICE_FAMILY = "1,2";
				TEST_TARGET_NAME = Aula01;
			};
			name = Release;
		};
/* End XCBuildConfiguration section */

/* Begin XCConfigurationList section */
		799EA8D91FC633C2006AEB69 /* Build configuration list for PBXProject "Aula01" */ = {
			isa = XCConfigurationList;
			buildConfigurations = (
				799EA9041FC633C3006AEB69 /* Debug */,
				799EA9051FC633C3006AEB69 /* Release */,
			);
			defaultConfigurationIsVisible = 0;
			defaultConfigurationName = Release;
		};
		799EA9061FC633C3006AEB69 /* Build configuration list for PBXNativeTarget "Aula01" */ = {
			isa = XCConfigurationList;
			buildConfigurations = (
				799EA9071FC633C3006AEB69 /* Debug */,
				799EA9081FC633C3006AEB69 /* Release */,
			);
			defaultConfigurationIsVisible = 0;
			defaultConfigurationName = Release;
		};
		799EA9091FC633C3006AEB69 /* Build configuration list for PBXNativeTarget "Aula01Tests" */ = {
			isa = XCConfigurationList;
			buildConfigurations = (
				799EA90A1FC633C3006AEB69 /* Debug */,
				799EA90B1FC633C3006AEB69 /* Release */,
			);
			defaultConfigurationIsVisible = 0;
			defaultConfigurationName = Release;
		};
		799EA90C1FC633C3006AEB69 /* Build configuration list for PBXNativeTarget "Aula01UITests" */ = {
			isa = XCConfigurationList;
			buildConfigurations = (
				799EA90D1FC633C3006AEB69 /* Debug */,
				799EA90E1FC633C3006AEB69 /* Release */,
			);
			defaultConfigurationIsVisible = 0;
			defaultConfigurationName = Release;
		};
/* End XCConfigurationList section */
	};
	rootObject = 799EA8D61FC633C2006AEB69 /* Project object */;
}
