// !$*UTF8*$!
{
	archiveVersion = 1;
	classes = {
	};
	objectVersion = 50;
	objects = {

/* Begin PBXBuildFile section */
		777F0064209136ED004526F7 /* AppDelegate.swift in Sources */ = {isa = PBXBuildFile; fileRef = 777F0063209136ED004526F7 /* AppDelegate.swift */; };
		777F0066209136ED004526F7 /* ViewController.swift in Sources */ = {isa = PBXBuildFile; fileRef = 777F0065209136ED004526F7 /* ViewController.swift */; };
		777F0069209136ED004526F7 /* Main.storyboard in Resources */ = {isa = PBXBuildFile; fileRef = 777F0067209136ED004526F7 /* Main.storyboard */; };
		777F006C209136ED004526F7 /* aula06_animation.xcdatamodeld in Sources */ = {isa = PBXBuildFile; fileRef = 777F006A209136ED004526F7 /* aula06_animation.xcdatamodeld */; };
		777F006E209136F3004526F7 /* Assets.xcassets in Resources */ = {isa = PBXBuildFile; fileRef = 777F006D209136F3004526F7 /* Assets.xcassets */; };
		777F0071209136F3004526F7 /* LaunchScreen.storyboard in Resources */ = {isa = PBXBuildFile; fileRef = 777F006F209136F3004526F7 /* LaunchScreen.storyboard */; };
		777F007C209136F3004526F7 /* aula06_animationTests.swift in Sources */ = {isa = PBXBuildFile; fileRef = 777F007B209136F3004526F7 /* aula06_animationTests.swift */; };
		777F0087209136F3004526F7 /* aula06_animationUITests.swift in Sources */ = {isa = PBXBuildFile; fileRef = 777F0086209136F3004526F7 /* aula06_animationUITests.swift */; };
/* End PBXBuildFile section */

/* Begin PBXContainerItemProxy section */
		777F0078209136F3004526F7 /* PBXContainerItemProxy */ = {
			isa = PBXContainerItemProxy;
			containerPortal = 777F0058209136EC004526F7 /* Project object */;
			proxyType = 1;
			remoteGlobalIDString = 777F005F209136ED004526F7;
			remoteInfo = aula06_animation;
		};
		777F0083209136F3004526F7 /* PBXContainerItemProxy */ = {
			isa = PBXContainerItemProxy;
			containerPortal = 777F0058209136EC004526F7 /* Project object */;
			proxyType = 1;
			remoteGlobalIDString = 777F005F209136ED004526F7;
			remoteInfo = aula06_animation;
		};
/* End PBXContainerItemProxy section */

/* Begin PBXFileReference section */
		777F0060209136ED004526F7 /* aula06_animation.app */ = {isa = PBXFileReference; explicitFileType = wrapper.application; includeInIndex = 0; path = aula06_animation.app; sourceTree = BUILT_PRODUCTS_DIR; };
		777F0063209136ED004526F7 /* AppDelegate.swift */ = {isa = PBXFileReference; lastKnownFileType = sourcecode.swift; path = AppDelegate.swift; sourceTree = "<group>"; };
		777F0065209136ED004526F7 /* ViewController.swift */ = {isa = PBXFileReference; lastKnownFileType = sourcecode.swift; path = ViewController.swift; sourceTree = "<group>"; };
		777F0068209136ED004526F7 /* Base */ = {isa = PBXFileReference; lastKnownFileType = file.storyboard; name = Base; path = Base.lproj/Main.storyboard; sourceTree = "<group>"; };
		777F006B209136ED004526F7 /* aula06_animation.xcdatamodel */ = {isa = PBXFileReference; lastKnownFileType = wrapper.xcdatamodel; path = aula06_animation.xcdatamodel; sourceTree = "<group>"; };
		777F006D209136F3004526F7 /* Assets.xcassets */ = {isa = PBXFileReference; lastKnownFileType = folder.assetcatalog; path = Assets.xcassets; sourceTree = "<group>"; };
		777F0070209136F3004526F7 /* Base */ = {isa = PBXFileReference; lastKnownFileType = file.storyboard; name = Base; path = Base.lproj/LaunchScreen.storyboard; sourceTree = "<group>"; };
		777F0072209136F3004526F7 /* Info.plist */ = {isa = PBXFileReference; lastKnownFileType = text.plist.xml; path = Info.plist; sourceTree = "<group>"; };
		777F0077209136F3004526F7 /* aula06_animationTests.xctest */ = {isa = PBXFileReference; explicitFileType = wrapper.cfbundle; includeInIndex = 0; path = aula06_animationTests.xctest; sourceTree = BUILT_PRODUCTS_DIR; };
		777F007B209136F3004526F7 /* aula06_animationTests.swift */ = {isa = PBXFileReference; lastKnownFileType = sourcecode.swift; path = aula06_animationTests.swift; sourceTree = "<group>"; };
		777F007D209136F3004526F7 /* Info.plist */ = {isa = PBXFileReference; lastKnownFileType = text.plist.xml; path = Info.plist; sourceTree = "<group>"; };
		777F0082209136F3004526F7 /* aula06_animationUITests.xctest */ = {isa = PBXFileReference; explicitFileType = wrapper.cfbundle; includeInIndex = 0; path = aula06_animationUITests.xctest; sourceTree = BUILT_PRODUCTS_DIR; };
		777F0086209136F3004526F7 /* aula06_animationUITests.swift */ = {isa = PBXFileReference; lastKnownFileType = sourcecode.swift; path = aula06_animationUITests.swift; sourceTree = "<group>"; };
		777F0088209136F3004526F7 /* Info.plist */ = {isa = PBXFileReference; lastKnownFileType = text.plist.xml; path = Info.plist; sourceTree = "<group>"; };
/* End PBXFileReference section */

/* Begin PBXFrameworksBuildPhase section */
		777F005D209136ED004526F7 /* Frameworks */ = {
			isa = PBXFrameworksBuildPhase;
			buildActionMask = 2147483647;
			files = (
			);
			runOnlyForDeploymentPostprocessing = 0;
		};
		777F0074209136F3004526F7 /* Frameworks */ = {
			isa = PBXFrameworksBuildPhase;
			buildActionMask = 2147483647;
			files = (
			);
			runOnlyForDeploymentPostprocessing = 0;
		};
		777F007F209136F3004526F7 /* Frameworks */ = {
			isa = PBXFrameworksBuildPhase;
			buildActionMask = 2147483647;
			files = (
			);
			runOnlyForDeploymentPostprocessing = 0;
		};
/* End PBXFrameworksBuildPhase section */

/* Begin PBXGroup section */
		777F0057209136EC004526F7 = {
			isa = PBXGroup;
			children = (
				777F0062209136ED004526F7 /* aula06_animation */,
				777F007A209136F3004526F7 /* aula06_animationTests */,
				777F0085209136F3004526F7 /* aula06_animationUITests */,
				777F0061209136ED004526F7 /* Products */,
			);
			sourceTree = "<group>";
		};
		777F0061209136ED004526F7 /* Products */ = {
			isa = PBXGroup;
			children = (
				777F0060209136ED004526F7 /* aula06_animation.app */,
				777F0077209136F3004526F7 /* aula06_animationTests.xctest */,
				777F0082209136F3004526F7 /* aula06_animationUITests.xctest */,
			);
			name = Products;
			sourceTree = "<group>";
		};
		777F0062209136ED004526F7 /* aula06_animation */ = {
			isa = PBXGroup;
			children = (
				777F0063209136ED004526F7 /* AppDelegate.swift */,
				777F0065209136ED004526F7 /* ViewController.swift */,
				777F0067209136ED004526F7 /* Main.storyboard */,
				777F006D209136F3004526F7 /* Assets.xcassets */,
				777F006F209136F3004526F7 /* LaunchScreen.storyboard */,
				777F0072209136F3004526F7 /* Info.plist */,
				777F006A209136ED004526F7 /* aula06_animation.xcdatamodeld */,
			);
			path = aula06_animation;
			sourceTree = "<group>";
		};
		777F007A209136F3004526F7 /* aula06_animationTests */ = {
			isa = PBXGroup;
			children = (
				777F007B209136F3004526F7 /* aula06_animationTests.swift */,
				777F007D209136F3004526F7 /* Info.plist */,
			);
			path = aula06_animationTests;
			sourceTree = "<group>";
		};
		777F0085209136F3004526F7 /* aula06_animationUITests */ = {
			isa = PBXGroup;
			children = (
				777F0086209136F3004526F7 /* aula06_animationUITests.swift */,
				777F0088209136F3004526F7 /* Info.plist */,
			);
			path = aula06_animationUITests;
			sourceTree = "<group>";
		};
/* End PBXGroup section */

/* Begin PBXNativeTarget section */
		777F005F209136ED004526F7 /* aula06_animation */ = {
			isa = PBXNativeTarget;
			buildConfigurationList = 777F008B209136F3004526F7 /* Build configuration list for PBXNativeTarget "aula06_animation" */;
			buildPhases = (
				777F005C209136ED004526F7 /* Sources */,
				777F005D209136ED004526F7 /* Frameworks */,
				777F005E209136ED004526F7 /* Resources */,
			);
			buildRules = (
			);
			dependencies = (
			);
			name = aula06_animation;
			productName = aula06_animation;
			productReference = 777F0060209136ED004526F7 /* aula06_animation.app */;
			productType = "com.apple.product-type.application";
		};
		777F0076209136F3004526F7 /* aula06_animationTests */ = {
			isa = PBXNativeTarget;
			buildConfigurationList = 777F008E209136F3004526F7 /* Build configuration list for PBXNativeTarget "aula06_animationTests" */;
			buildPhases = (
				777F0073209136F3004526F7 /* Sources */,
				777F0074209136F3004526F7 /* Frameworks */,
				777F0075209136F3004526F7 /* Resources */,
			);
			buildRules = (
			);
			dependencies = (
				777F0079209136F3004526F7 /* PBXTargetDependency */,
			);
			name = aula06_animationTests;
			productName = aula06_animationTests;
			productReference = 777F0077209136F3004526F7 /* aula06_animationTests.xctest */;
			productType = "com.apple.product-type.bundle.unit-test";
		};
		777F0081209136F3004526F7 /* aula06_animationUITests */ = {
			isa = PBXNativeTarget;
			buildConfigurationList = 777F0091209136F3004526F7 /* Build configuration list for PBXNativeTarget "aula06_animationUITests" */;
			buildPhases = (
				777F007E209136F3004526F7 /* Sources */,
				777F007F209136F3004526F7 /* Frameworks */,
				777F0080209136F3004526F7 /* Resources */,
			);
			buildRules = (
			);
			dependencies = (
				777F0084209136F3004526F7 /* PBXTargetDependency */,
			);
			name = aula06_animationUITests;
			productName = aula06_animationUITests;
			productReference = 777F0082209136F3004526F7 /* aula06_animationUITests.xctest */;
			productType = "com.apple.product-type.bundle.ui-testing";
		};
/* End PBXNativeTarget section */

/* Begin PBXProject section */
		777F0058209136EC004526F7 /* Project object */ = {
			isa = PBXProject;
			attributes = {
				LastSwiftUpdateCheck = 0930;
				LastUpgradeCheck = 0930;
				ORGANIZATIONNAME = JJC;
				TargetAttributes = {
					777F005F209136ED004526F7 = {
						CreatedOnToolsVersion = 9.3;
					};
					777F0076209136F3004526F7 = {
						CreatedOnToolsVersion = 9.3;
						TestTargetID = 777F005F209136ED004526F7;
					};
					777F0081209136F3004526F7 = {
						CreatedOnToolsVersion = 9.3;
						TestTargetID = 777F005F209136ED004526F7;
					};
				};
			};
			buildConfigurationList = 777F005B209136EC004526F7 /* Build configuration list for PBXProject "aula06_animation" */;
			compatibilityVersion = "Xcode 9.3";
			developmentRegion = en;
			hasScannedForEncodings = 0;
			knownRegions = (
				en,
				Base,
			);
			mainGroup = 777F0057209136EC004526F7;
			productRefGroup = 777F0061209136ED004526F7 /* Products */;
			projectDirPath = "";
			projectRoot = "";
			targets = (
				777F005F209136ED004526F7 /* aula06_animation */,
				777F0076209136F3004526F7 /* aula06_animationTests */,
				777F0081209136F3004526F7 /* aula06_animationUITests */,
			);
		};
/* End PBXProject section */

/* Begin PBXResourcesBuildPhase section */
		777F005E209136ED004526F7 /* Resources */ = {
			isa = PBXResourcesBuildPhase;
			buildActionMask = 2147483647;
			files = (
				777F0071209136F3004526F7 /* LaunchScreen.storyboard in Resources */,
				777F006E209136F3004526F7 /* Assets.xcassets in Resources */,
				777F0069209136ED004526F7 /* Main.storyboard in Resources */,
			);
			runOnlyForDeploymentPostprocessing = 0;
		};
		777F0075209136F3004526F7 /* Resources */ = {
			isa = PBXResourcesBuildPhase;
			buildActionMask = 2147483647;
			files = (
			);
			runOnlyForDeploymentPostprocessing = 0;
		};
		777F0080209136F3004526F7 /* Resources */ = {
			isa = PBXResourcesBuildPhase;
			buildActionMask = 2147483647;
			files = (
			);
			runOnlyForDeploymentPostprocessing = 0;
		};
/* End PBXResourcesBuildPhase section */

/* Begin PBXSourcesBuildPhase section */
		777F005C209136ED004526F7 /* Sources */ = {
			isa = PBXSourcesBuildPhase;
			buildActionMask = 2147483647;
			files = (
				777F0066209136ED004526F7 /* ViewController.swift in Sources */,
				777F006C209136ED004526F7 /* aula06_animation.xcdatamodeld in Sources */,
				777F0064209136ED004526F7 /* AppDelegate.swift in Sources */,
			);
			runOnlyForDeploymentPostprocessing = 0;
		};
		777F0073209136F3004526F7 /* Sources */ = {
			isa = PBXSourcesBuildPhase;
			buildActionMask = 2147483647;
			files = (
				777F007C209136F3004526F7 /* aula06_animationTests.swift in Sources */,
			);
			runOnlyForDeploymentPostprocessing = 0;
		};
		777F007E209136F3004526F7 /* Sources */ = {
			isa = PBXSourcesBuildPhase;
			buildActionMask = 2147483647;
			files = (
				777F0087209136F3004526F7 /* aula06_animationUITests.swift in Sources */,
			);
			runOnlyForDeploymentPostprocessing = 0;
		};
/* End PBXSourcesBuildPhase section */

/* Begin PBXTargetDependency section */
		777F0079209136F3004526F7 /* PBXTargetDependency */ = {
			isa = PBXTargetDependency;
			target = 777F005F209136ED004526F7 /* aula06_animation */;
			targetProxy = 777F0078209136F3004526F7 /* PBXContainerItemProxy */;
		};
		777F0084209136F3004526F7 /* PBXTargetDependency */ = {
			isa = PBXTargetDependency;
			target = 777F005F209136ED004526F7 /* aula06_animation */;
			targetProxy = 777F0083209136F3004526F7 /* PBXContainerItemProxy */;
		};
/* End PBXTargetDependency section */

/* Begin PBXVariantGroup section */
		777F0067209136ED004526F7 /* Main.storyboard */ = {
			isa = PBXVariantGroup;
			children = (
				777F0068209136ED004526F7 /* Base */,
			);
			name = Main.storyboard;
			sourceTree = "<group>";
		};
		777F006F209136F3004526F7 /* LaunchScreen.storyboard */ = {
			isa = PBXVariantGroup;
			children = (
				777F0070209136F3004526F7 /* Base */,
			);
			name = LaunchScreen.storyboard;
			sourceTree = "<group>";
		};
/* End PBXVariantGroup section */

/* Begin XCBuildConfiguration section */
		777F0089209136F3004526F7 /* Debug */ = {
			isa = XCBuildConfiguration;
			buildSettings = {
				ALWAYS_SEARCH_USER_PATHS = NO;
				CLANG_ANALYZER_NONNULL = YES;
				CLANG_ANALYZER_NUMBER_OBJECT_CONVERSION = YES_AGGRESSIVE;
				CLANG_CXX_LANGUAGE_STANDARD = "gnu++14";
				CLANG_CXX_LIBRARY = "libc++";
				CLANG_ENABLE_MODULES = YES;
				CLANG_ENABLE_OBJC_ARC = YES;
				CLANG_ENABLE_OBJC_WEAK = YES;
				CLANG_WARN_BLOCK_CAPTURE_AUTORELEASING = YES;
				CLANG_WARN_BOOL_CONVERSION = YES;
				CLANG_WARN_COMMA = YES;
				CLANG_WARN_CONSTANT_CONVERSION = YES;
				CLANG_WARN_DEPRECATED_OBJC_IMPLEMENTATIONS = YES;
				CLANG_WARN_DIRECT_OBJC_ISA_USAGE = YES_ERROR;
				CLANG_WARN_DOCUMENTATION_COMMENTS = YES;
				CLANG_WARN_EMPTY_BODY = YES;
				CLANG_WARN_ENUM_CONVERSION = YES;
				CLANG_WARN_INFINITE_RECURSION = YES;
				CLANG_WARN_INT_CONVERSION = YES;
				CLANG_WARN_NON_LITERAL_NULL_CONVERSION = YES;
				CLANG_WARN_OBJC_IMPLICIT_RETAIN_SELF = YES;
				CLANG_WARN_OBJC_LITERAL_CONVERSION = YES;
				CLANG_WARN_OBJC_ROOT_CLASS = YES_ERROR;
				CLANG_WARN_RANGE_LOOP_ANALYSIS = YES;
				CLANG_WARN_STRICT_PROTOTYPES = YES;
				CLANG_WARN_SUSPICIOUS_MOVE = YES;
				CLANG_WARN_UNGUARDED_AVAILABILITY = YES_AGGRESSIVE;
				CLANG_WARN_UNREACHABLE_CODE = YES;
				CLANG_WARN__DUPLICATE_METHOD_MATCH = YES;
				CODE_SIGN_IDENTITY = "iPhone Developer";
				COPY_PHASE_STRIP = NO;
				DEBUG_INFORMATION_FORMAT = dwarf;
				ENABLE_STRICT_OBJC_MSGSEND = YES;
				ENABLE_TESTABILITY = YES;
				GCC_C_LANGUAGE_STANDARD = gnu11;
				GCC_DYNAMIC_NO_PIC = NO;
				GCC_NO_COMMON_BLOCKS = YES;
				GCC_OPTIMIZATION_LEVEL = 0;
				GCC_PREPROCESSOR_DEFINITIONS = (
					"DEBUG=1",
					"$(inherited)",
				);
				GCC_WARN_64_TO_32_BIT_CONVERSION = YES;
				GCC_WARN_ABOUT_RETURN_TYPE = YES_ERROR;
				GCC_WARN_UNDECLARED_SELECTOR = YES;
				GCC_WARN_UNINITIALIZED_AUTOS = YES_AGGRESSIVE;
				GCC_WARN_UNUSED_FUNCTION = YES;
				GCC_WARN_UNUSED_VARIABLE = YES;
				IPHONEOS_DEPLOYMENT_TARGET = 11.3;
				MTL_ENABLE_DEBUG_INFO = YES;
				ONLY_ACTIVE_ARCH = YES;
				SDKROOT = iphoneos;
				SWIFT_ACTIVE_COMPILATION_CONDITIONS = DEBUG;
				SWIFT_OPTIMIZATION_LEVEL = "-Onone";
			};
			name = Debug;
		};
		777F008A209136F3004526F7 /* Release */ = {
			isa = XCBuildConfiguration;
			buildSettings = {
				ALWAYS_SEARCH_USER_PATHS = NO;
				CLANG_ANALYZER_NONNULL = YES;
				CLANG_ANALYZER_NUMBER_OBJECT_CONVERSION = YES_AGGRESSIVE;
				CLANG_CXX_LANGUAGE_STANDARD = "gnu++14";
				CLANG_CXX_LIBRARY = "libc++";
				CLANG_ENABLE_MODULES = YES;
				CLANG_ENABLE_OBJC_ARC = YES;
				CLANG_ENABLE_OBJC_WEAK = YES;
				CLANG_WARN_BLOCK_CAPTURE_AUTORELEASING = YES;
				CLANG_WARN_BOOL_CONVERSION = YES;
				CLANG_WARN_COMMA = YES;
				CLANG_WARN_CONSTANT_CONVERSION = YES;
				CLANG_WARN_DEPRECATED_OBJC_IMPLEMENTATIONS = YES;
				CLANG_WARN_DIRECT_OBJC_ISA_USAGE = YES_ERROR;
				CLANG_WARN_DOCUMENTATION_COMMENTS = YES;
				CLANG_WARN_EMPTY_BODY = YES;
				CLANG_WARN_ENUM_CONVERSION = YES;
				CLANG_WARN_INFINITE_RECURSION = YES;
				CLANG_WARN_INT_CONVERSION = YES;
				CLANG_WARN_NON_LITERAL_NULL_CONVERSION = YES;
				CLANG_WARN_OBJC_IMPLICIT_RETAIN_SELF = YES;
				CLANG_WARN_OBJC_LITERAL_CONVERSION = YES;
				CLANG_WARN_OBJC_ROOT_CLASS = YES_ERROR;
				CLANG_WARN_RANGE_LOOP_ANALYSIS = YES;
				CLANG_WARN_STRICT_PROTOTYPES = YES;
				CLANG_WARN_SUSPICIOUS_MOVE = YES;
				CLANG_WARN_UNGUARDED_AVAILABILITY = YES_AGGRESSIVE;
				CLANG_WARN_UNREACHABLE_CODE = YES;
				CLANG_WARN__DUPLICATE_METHOD_MATCH = YES;
				CODE_SIGN_IDENTITY = "iPhone Developer";
				COPY_PHASE_STRIP = NO;
				DEBUG_INFORMATION_FORMAT = "dwarf-with-dsym";
				ENABLE_NS_ASSERTIONS = NO;
				ENABLE_STRICT_OBJC_MSGSEND = YES;
				GCC_C_LANGUAGE_STANDARD = gnu11;
				GCC_NO_COMMON_BLOCKS = YES;
				GCC_WARN_64_TO_32_BIT_CONVERSION = YES;
				GCC_WARN_ABOUT_RETURN_TYPE = YES_ERROR;
				GCC_WARN_UNDECLARED_SELECTOR = YES;
				GCC_WARN_UNINITIALIZED_AUTOS = YES_AGGRESSIVE;
				GCC_WARN_UNUSED_FUNCTION = YES;
				GCC_WARN_UNUSED_VARIABLE = YES;
				IPHONEOS_DEPLOYMENT_TARGET = 11.3;
				MTL_ENABLE_DEBUG_INFO = NO;
				SDKROOT = iphoneos;
				SWIFT_COMPILATION_MODE = wholemodule;
				SWIFT_OPTIMIZATION_LEVEL = "-O";
				VALIDATE_PRODUCT = YES;
			};
			name = Release;
		};
		777F008C209136F3004526F7 /* Debug */ = {
			isa = XCBuildConfiguration;
			buildSettings = {
				ASSETCATALOG_COMPILER_APPICON_NAME = AppIcon;
				CODE_SIGN_STYLE = Automatic;
				INFOPLIST_FILE = aula06_animation/Info.plist;
				LD_RUNPATH_SEARCH_PATHS = (
					"$(inherited)",
					"@executable_path/Frameworks",
				);
				PRODUCT_BUNDLE_IDENTIFIER = "Junior.aula06-animation";
				PRODUCT_NAME = "$(TARGET_NAME)";
				SWIFT_VERSION = 4.0;
				TARGETED_DEVICE_FAMILY = "1,2";
			};
			name = Debug;
		};
		777F008D209136F3004526F7 /* Release */ = {
			isa = XCBuildConfiguration;
			buildSettings = {
				ASSETCATALOG_COMPILER_APPICON_NAME = AppIcon;
				CODE_SIGN_STYLE = Automatic;
				INFOPLIST_FILE = aula06_animation/Info.plist;
				LD_RUNPATH_SEARCH_PATHS = (
					"$(inherited)",
					"@executable_path/Frameworks",
				);
				PRODUCT_BUNDLE_IDENTIFIER = "Junior.aula06-animation";
				PRODUCT_NAME = "$(TARGET_NAME)";
				SWIFT_VERSION = 4.0;
				TARGETED_DEVICE_FAMILY = "1,2";
			};
			name = Release;
		};
		777F008F209136F3004526F7 /* Debug */ = {
			isa = XCBuildConfiguration;
			buildSettings = {
				ALWAYS_EMBED_SWIFT_STANDARD_LIBRARIES = YES;
				BUNDLE_LOADER = "$(TEST_HOST)";
				CODE_SIGN_STYLE = Automatic;
				INFOPLIST_FILE = aula06_animationTests/Info.plist;
				LD_RUNPATH_SEARCH_PATHS = (
					"$(inherited)",
					"@executable_path/Frameworks",
					"@loader_path/Frameworks",
				);
				PRODUCT_BUNDLE_IDENTIFIER = "Junior.aula06-animationTests";
				PRODUCT_NAME = "$(TARGET_NAME)";
				SWIFT_VERSION = 4.0;
				TARGETED_DEVICE_FAMILY = "1,2";
				TEST_HOST = "$(BUILT_PRODUCTS_DIR)/aula06_animation.app/aula06_animation";
			};
			name = Debug;
		};
		777F0090209136F3004526F7 /* Release */ = {
			isa = XCBuildConfiguration;
			buildSettings = {
				ALWAYS_EMBED_SWIFT_STANDARD_LIBRARIES = YES;
				BUNDLE_LOADER = "$(TEST_HOST)";
				CODE_SIGN_STYLE = Automatic;
				INFOPLIST_FILE = aula06_animationTests/Info.plist;
				LD_RUNPATH_SEARCH_PATHS = (
					"$(inherited)",
					"@executable_path/Frameworks",
					"@loader_path/Frameworks",
				);
				PRODUCT_BUNDLE_IDENTIFIER = "Junior.aula06-animationTests";
				PRODUCT_NAME = "$(TARGET_NAME)";
				SWIFT_VERSION = 4.0;
				TARGETED_DEVICE_FAMILY = "1,2";
				TEST_HOST = "$(BUILT_PRODUCTS_DIR)/aula06_animation.app/aula06_animation";
			};
			name = Release;
		};
		777F0092209136F3004526F7 /* Debug */ = {
			isa = XCBuildConfiguration;
			buildSettings = {
				ALWAYS_EMBED_SWIFT_STANDARD_LIBRARIES = YES;
				CODE_SIGN_STYLE = Automatic;
				INFOPLIST_FILE = aula06_animationUITests/Info.plist;
				LD_RUNPATH_SEARCH_PATHS = (
					"$(inherited)",
					"@executable_path/Frameworks",
					"@loader_path/Frameworks",
				);
				PRODUCT_BUNDLE_IDENTIFIER = "Junior.aula06-animationUITests";
				PRODUCT_NAME = "$(TARGET_NAME)";
				SWIFT_VERSION = 4.0;
				TARGETED_DEVICE_FAMILY = "1,2";
				TEST_TARGET_NAME = aula06_animation;
			};
			name = Debug;
		};
		777F0093209136F3004526F7 /* Release */ = {
			isa = XCBuildConfiguration;
			buildSettings = {
				ALWAYS_EMBED_SWIFT_STANDARD_LIBRARIES = YES;
				CODE_SIGN_STYLE = Automatic;
				INFOPLIST_FILE = aula06_animationUITests/Info.plist;
				LD_RUNPATH_SEARCH_PATHS = (
					"$(inherited)",
					"@executable_path/Frameworks",
					"@loader_path/Frameworks",
				);
				PRODUCT_BUNDLE_IDENTIFIER = "Junior.aula06-animationUITests";
				PRODUCT_NAME = "$(TARGET_NAME)";
				SWIFT_VERSION = 4.0;
				TARGETED_DEVICE_FAMILY = "1,2";
				TEST_TARGET_NAME = aula06_animation;
			};
			name = Release;
		};
/* End XCBuildConfiguration section */

/* Begin XCConfigurationList section */
		777F005B209136EC004526F7 /* Build configuration list for PBXProject "aula06_animation" */ = {
			isa = XCConfigurationList;
			buildConfigurations = (
				777F0089209136F3004526F7 /* Debug */,
				777F008A209136F3004526F7 /* Release */,
			);
			defaultConfigurationIsVisible = 0;
			defaultConfigurationName = Release;
		};
		777F008B209136F3004526F7 /* Build configuration list for PBXNativeTarget "aula06_animation" */ = {
			isa = XCConfigurationList;
			buildConfigurations = (
				777F008C209136F3004526F7 /* Debug */,
				777F008D209136F3004526F7 /* Release */,
			);
			defaultConfigurationIsVisible = 0;
			defaultConfigurationName = Release;
		};
		777F008E209136F3004526F7 /* Build configuration list for PBXNativeTarget "aula06_animationTests" */ = {
			isa = XCConfigurationList;
			buildConfigurations = (
				777F008F209136F3004526F7 /* Debug */,
				777F0090209136F3004526F7 /* Release */,
			);
			defaultConfigurationIsVisible = 0;
			defaultConfigurationName = Release;
		};
		777F0091209136F3004526F7 /* Build configuration list for PBXNativeTarget "aula06_animationUITests" */ = {
			isa = XCConfigurationList;
			buildConfigurations = (
				777F0092209136F3004526F7 /* Debug */,
				777F0093209136F3004526F7 /* Release */,
			);
			defaultConfigurationIsVisible = 0;
			defaultConfigurationName = Release;
		};
/* End XCConfigurationList section */

/* Begin XCVersionGroup section */
		777F006A209136ED004526F7 /* aula06_animation.xcdatamodeld */ = {
			isa = XCVersionGroup;
			children = (
				777F006B209136ED004526F7 /* aula06_animation.xcdatamodel */,
			);
			currentVersion = 777F006B209136ED004526F7 /* aula06_animation.xcdatamodel */;
			path = aula06_animation.xcdatamodeld;
			sourceTree = "<group>";
			versionGroupType = wrapper.xcdatamodel;
		};
/* End XCVersionGroup section */
	};
	rootObject = 777F0058209136EC004526F7 /* Project object */;
}
